
Microsoft Visual Studio Solution File, Format Version 12.00
# Visual Studio Version 16
VisualStudioVersion = 16.0.30517.126
MinimumVisualStudioVersion = 10.0.40219.1
Project("{FAE04EC0-301F-11D3-BF4B-00C04F79EFBC}") = "P01.CreationalPattern", "P01.CreationalPattern\P01.CreationalPattern.csproj", "{61A20895-63B0-4C0C-9B9F-5AC468520E18}"
EndProject
Project("{FAE04EC0-301F-11D3-BF4B-00C04F79EFBC}") = "P02.StructuralPattern", "P02.StructuralPattern\P02.StructuralPattern.csproj", "{FD2FC24D-B938-4522-A4A5-91E23FE66B8B}"
EndProject
Project("{FAE04EC0-301F-11D3-BF4B-00C04F79EFBC}") = "P03.BehavioralPattern", "P03.BehavioralPattern\P03.BehavioralPattern.csproj", "{EE8E74E5-EC5A-4D2C-859A-BDADC900744E}"
EndProject
Global
	GlobalSection(SolutionConfigurationPlatforms) = preSolution
		Debug|Any CPU = Debug|Any CPU
		Release|Any CPU = Release|Any CPU
	EndGlobalSection
	GlobalSection(ProjectConfigurationPlatforms) = postSolution
		{61A20895-63B0-4C0C-9B9F-5AC468520E18}.Debug|Any CPU.ActiveCfg = Debug|Any CPU
		{61A20895-63B0-4C0C-9B9F-5AC468520E18}.Debug|Any CPU.Build.0 = Debug|Any CPU
		{61A20895-63B0-4C0C-9B9F-5AC468520E18}.Release|Any CPU.ActiveCfg = Release|Any CPU
		{61A20895-63B0-4C0C-9B9F-5AC468520E18}.Release|Any CPU.Build.0 = Release|Any CPU
		{FD2FC24D-B938-4522-A4A5-91E23FE66B8B}.Debug|Any CPU.ActiveCfg = Debug|Any CPU
		{FD2FC24D-B938-4522-A4A5-91E23FE66B8B}.Debug|Any CPU.Build.0 = Debug|Any CPU
		{FD2FC24D-B938-4522-A4A5-91E23FE66B8B}.Release|Any CPU.ActiveCfg = Release|Any CPU
		{FD2FC24D-B938-4522-A4A5-91E23FE66B8B}.Release|Any CPU.Build.0 = Release|Any CPU
		{EE8E74E5-EC5A-4D2C-859A-BDADC900744E}.Debug|Any CPU.ActiveCfg = Debug|Any CPU
		{EE8E74E5-EC5A-4D2C-859A-BDADC900744E}.Debug|Any CPU.Build.0 = Debug|Any CPU
		{EE8E74E5-EC5A-4D2C-859A-BDADC900744E}.Release|Any CPU.ActiveCfg = Release|Any CPU
		{EE8E74E5-EC5A-4D2C-859A-BDADC900744E}.Release|Any CPU.Build.0 = Release|Any CPU
	EndGlobalSection
	GlobalSection(SolutionProperties) = preSolution
		HideSolutionNode = FALSE
	EndGlobalSection
	GlobalSection(ExtensibilityGlobals) = postSolution
		SolutionGuid = {A17AC257-6C58-4565-88B9-E43293FECA7C}
	EndGlobalSection
EndGlobal
